
Microsoft Visual Studio Solution File, Format Version 12.00
# Visual Studio Version 16
VisualStudioVersion = 16.0.31515.178
MinimumVisualStudioVersion = 10.0.40219.1
Project("{888888A0-9F3D-457C-B088-3A5042F75D52}") = "Joshua Gamble CIS 261 Wk4 Lab 1", "Joshua Gamble CIS 261 Wk4 Lab 1.pyproj", "{AA0738E9-1439-49A4-A204-0A4F4DEC20E6}"
EndProject
Global
	GlobalSection(SolutionConfigurationPlatforms) = preSolution
		Debug|Any CPU = Debug|Any CPU
		Release|Any CPU = Release|Any CPU
	EndGlobalSection
	GlobalSection(ProjectConfigurationPlatforms) = postSolution
		{AA0738E9-1439-49A4-A204-0A4F4DEC20E6}.Debug|Any CPU.ActiveCfg = Debug|Any CPU
		{AA0738E9-1439-49A4-A204-0A4F4DEC20E6}.Release|Any CPU.ActiveCfg = Release|Any CPU
	EndGlobalSection
	GlobalSection(SolutionProperties) = preSolution
		HideSolutionNode = FALSE
	EndGlobalSection
	GlobalSection(ExtensibilityGlobals) = postSolution
		SolutionGuid = {C79AF4F3-4319-4533-9C25-D74869FB9BC9}
	EndGlobalSection
EndGlobal
